// !$*UTF8*$!
{
	archiveVersion = 1;
	classes = {
	};
	objectVersion = 50;
	objects = {

/* Begin PBXBuildFile section */
		5EDDEA00207F365D008577DE /* AppDelegate.m in Sources */ = {isa = PBXBuildFile; fileRef = 5EDDE9FF207F365D008577DE /* AppDelegate.m */; };
		5EDDEA02207F365E008577DE /* Assets.xcassets in Resources */ = {isa = PBXBuildFile; fileRef = 5EDDEA01207F365E008577DE /* Assets.xcassets */; };
		5EDDEA05207F365E008577DE /* MainMenu.xib in Resources */ = {isa = PBXBuildFile; fileRef = 5EDDEA03207F365E008577DE /* MainMenu.xib */; };
		5EDDEA08207F365E008577DE /* main.m in Sources */ = {isa = PBXBuildFile; fileRef = 5EDDEA07207F365E008577DE /* main.m */; };
		5EDDEA19207F3698008577DE /* MainWindow.m in Sources */ = {isa = PBXBuildFile; fileRef = 5EDDEA10207F3697008577DE /* MainWindow.m */; };
		5EDDEA1B207F3698008577DE /* FirstWindowController.xib in Resources */ = {isa = PBXBuildFile; fileRef = 5EDDEA12207F3698008577DE /* FirstWindowController.xib */; };
		5EDDEA1C207F3698008577DE /* FirstWindowController.m in Sources */ = {isa = PBXBuildFile; fileRef = 5EDDEA14207F3698008577DE /* FirstWindowController.m */; };
		5EDDEA1D207F3698008577DE /* MainWindowController.m in Sources */ = {isa = PBXBuildFile; fileRef = 5EDDEA15207F3698008577DE /* MainWindowController.m */; };
		5EDDEA1E207F3698008577DE /* MainWindowController.xib in Resources */ = {isa = PBXBuildFile; fileRef = 5EDDEA16207F3698008577DE /* MainWindowController.xib */; };
/* End PBXBuildFile section */

/* Begin PBXFileReference section */
		5EDDE9FB207F365D008577DE /* CocoaAPP.app */ = {isa = PBXFileReference; explicitFileType = wrapper.application; includeInIndex = 0; path = CocoaAPP.app; sourceTree = BUILT_PRODUCTS_DIR; };
		5EDDE9FE207F365D008577DE /* AppDelegate.h */ = {isa = PBXFileReference; lastKnownFileType = sourcecode.c.h; path = AppDelegate.h; sourceTree = "<group>"; };
		5EDDE9FF207F365D008577DE /* AppDelegate.m */ = {isa = PBXFileReference; lastKnownFileType = sourcecode.c.objc; path = AppDelegate.m; sourceTree = "<group>"; };
		5EDDEA01207F365E008577DE /* Assets.xcassets */ = {isa = PBXFileReference; lastKnownFileType = folder.assetcatalog; path = Assets.xcassets; sourceTree = "<group>"; };
		5EDDEA04207F365E008577DE /* Base */ = {isa = PBXFileReference; lastKnownFileType = file.xib; name = Base; path = Base.lproj/MainMenu.xib; sourceTree = "<group>"; };
		5EDDEA06207F365E008577DE /* Info.plist */ = {isa = PBXFileReference; lastKnownFileType = text.plist.xml; path = Info.plist; sourceTree = "<group>"; };
		5EDDEA07207F365E008577DE /* main.m */ = {isa = PBXFileReference; lastKnownFileType = sourcecode.c.objc; path = main.m; sourceTree = "<group>"; };
		5EDDEA09207F365E008577DE /* CocoaAPP.entitlements */ = {isa = PBXFileReference; lastKnownFileType = text.plist.entitlements; path = CocoaAPP.entitlements; sourceTree = "<group>"; };
		5EDDEA0F207F3697008577DE /* MainWindow.h */ = {isa = PBXFileReference; fileEncoding = 4; lastKnownFileType = sourcecode.c.h; path = MainWindow.h; sourceTree = "<group>"; };
		5EDDEA10207F3697008577DE /* MainWindow.m */ = {isa = PBXFileReference; fileEncoding = 4; lastKnownFileType = sourcecode.c.objc; path = MainWindow.m; sourceTree = "<group>"; };
		5EDDEA12207F3698008577DE /* FirstWindowController.xib */ = {isa = PBXFileReference; fileEncoding = 4; lastKnownFileType = file.xib; path = FirstWindowController.xib; sourceTree = "<group>"; };
		5EDDEA13207F3698008577DE /* MainWindowController.h */ = {isa = PBXFileReference; fileEncoding = 4; lastKnownFileType = sourcecode.c.h; path = MainWindowController.h; sourceTree = "<group>"; };
		5EDDEA14207F3698008577DE /* FirstWindowController.m */ = {isa = PBXFileReference; fileEncoding = 4; lastKnownFileType = sourcecode.c.objc; path = FirstWindowController.m; sourceTree = "<group>"; };
		5EDDEA15207F3698008577DE /* MainWindowController.m */ = {isa = PBXFileReference; fileEncoding = 4; lastKnownFileType = sourcecode.c.objc; path = MainWindowController.m; sourceTree = "<group>"; };
		5EDDEA16207F3698008577DE /* MainWindowController.xib */ = {isa = PBXFileReference; fileEncoding = 4; lastKnownFileType = file.xib; path = MainWindowController.xib; sourceTree = "<group>"; };
		5EDDEA17207F3698008577DE /* FirstWindowController.h */ = {isa = PBXFileReference; fileEncoding = 4; lastKnownFileType = sourcecode.c.h; path = FirstWindowController.h; sourceTree = "<group>"; };
/* End PBXFileReference section */

/* Begin PBXFrameworksBuildPhase section */
		5EDDE9F8207F365D008577DE /* Frameworks */ = {
			isa = PBXFrameworksBuildPhase;
			buildActionMask = 2147483647;
			files = (
			);
			runOnlyForDeploymentPostprocessing = 0;
		};
/* End PBXFrameworksBuildPhase section */

/* Begin PBXGroup section */
		5EDDE9F2207F365D008577DE = {
			isa = PBXGroup;
			children = (
				5EDDE9FD207F365D008577DE /* CocoaAPP */,
				5EDDE9FC207F365D008577DE /* Products */,
			);
			sourceTree = "<group>";
		};
		5EDDE9FC207F365D008577DE /* Products */ = {
			isa = PBXGroup;
			children = (
				5EDDE9FB207F365D008577DE /* CocoaAPP.app */,
			);
			name = Products;
			sourceTree = "<group>";
		};
		5EDDE9FD207F365D008577DE /* CocoaAPP */ = {
			isa = PBXGroup;
			children = (
				5EDDE9FE207F365D008577DE /* AppDelegate.h */,
				5EDDE9FF207F365D008577DE /* AppDelegate.m */,
				5EDDEA01207F365E008577DE /* Assets.xcassets */,
				5EDDEA03207F365E008577DE /* MainMenu.xib */,
				5EDDEA06207F365E008577DE /* Info.plist */,
				5EDDEA07207F365E008577DE /* main.m */,
				5EDDEA09207F365E008577DE /* CocoaAPP.entitlements */,
				5EDDEA17207F3698008577DE /* FirstWindowController.h */,
				5EDDEA14207F3698008577DE /* FirstWindowController.m */,
				5EDDEA12207F3698008577DE /* FirstWindowController.xib */,
				5EDDEA0F207F3697008577DE /* MainWindow.h */,
				5EDDEA10207F3697008577DE /* MainWindow.m */,
				5EDDEA13207F3698008577DE /* MainWindowController.h */,
				5EDDEA15207F3698008577DE /* MainWindowController.m */,
				5EDDEA16207F3698008577DE /* MainWindowController.xib */,
			);
			path = CocoaAPP;
			sourceTree = "<group>";
		};
/* End PBXGroup section */

/* Begin PBXNativeTarget section */
		5EDDE9FA207F365D008577DE /* CocoaAPP */ = {
			isa = PBXNativeTarget;
			buildConfigurationList = 5EDDEA0C207F365E008577DE /* Build configuration list for PBXNativeTarget "CocoaAPP" */;
			buildPhases = (
				5EDDE9F7207F365D008577DE /* Sources */,
				5EDDE9F8207F365D008577DE /* Frameworks */,
				5EDDE9F9207F365D008577DE /* Resources */,
			);
			buildRules = (
			);
			dependencies = (
			);
			name = CocoaAPP;
			productName = CocoaAPP;
			productReference = 5EDDE9FB207F365D008577DE /* CocoaAPP.app */;
			productType = "com.apple.product-type.application";
		};
/* End PBXNativeTarget section */

/* Begin PBXProject section */
		5EDDE9F3207F365D008577DE /* Project object */ = {
			isa = PBXProject;
			attributes = {
				LastUpgradeCheck = 0930;
				ORGANIZATIONNAME = wcc;
				TargetAttributes = {
					5EDDE9FA207F365D008577DE = {
						CreatedOnToolsVersion = 9.3;
					};
				};
			};
			buildConfigurationList = 5EDDE9F6207F365D008577DE /* Build configuration list for PBXProject "CocoaAPP" */;
			compatibilityVersion = "Xcode 9.3";
			developmentRegion = en;
			hasScannedForEncodings = 0;
			knownRegions = (
				en,
				Base,
			);
			mainGroup = 5EDDE9F2207F365D008577DE;
			productRefGroup = 5EDDE9FC207F365D008577DE /* Products */;
			projectDirPath = "";
			projectRoot = "";
			targets = (
				5EDDE9FA207F365D008577DE /* CocoaAPP */,
			);
		};
/* End PBXProject section */

/* Begin PBXResourcesBuildPhase section */
		5EDDE9F9207F365D008577DE /* Resources */ = {
			isa = PBXResourcesBuildPhase;
			buildActionMask = 2147483647;
			files = (
				5EDDEA02207F365E008577DE /* Assets.xcassets in Resources */,
				5EDDEA05207F365E008577DE /* MainMenu.xib in Resources */,
				5EDDEA1E207F3698008577DE /* MainWindowController.xib in Resources */,
				5EDDEA1B207F3698008577DE /* FirstWindowController.xib in Resources */,
			);
			runOnlyForDeploymentPostprocessing = 0;
		};
/* End PBXResourcesBuildPhase section */

/* Begin PBXSourcesBuildPhase section */
		5EDDE9F7207F365D008577DE /* Sources */ = {
			isa = PBXSourcesBuildPhase;
			buildActionMask = 2147483647;
			files = (
				5EDDEA1D207F3698008577DE /* MainWindowController.m in Sources */,
				5EDDEA08207F365E008577DE /* main.m in Sources */,
				5EDDEA00207F365D008577DE /* AppDelegate.m in Sources */,
				5EDDEA19207F3698008577DE /* MainWindow.m in Sources */,
				5EDDEA1C207F3698008577DE /* FirstWindowController.m in Sources */,
			);
			runOnlyForDeploymentPostprocessing = 0;
		};
/* End PBXSourcesBuildPhase section */

/* Begin PBXVariantGroup section */
		5EDDEA03207F365E008577DE /* MainMenu.xib */ = {
			isa = PBXVariantGroup;
			children = (
				5EDDEA04207F365E008577DE /* Base */,
			);
			name = MainMenu.xib;
			sourceTree = "<group>";
		};
/* End PBXVariantGroup section */

/* Begin XCBuildConfiguration section */
		5EDDEA0A207F365E008577DE /* Debug */ = {
			isa = XCBuildConfiguration;
			buildSettings = {
				ALWAYS_SEARCH_USER_PATHS = NO;
				CLANG_ANALYZER_NONNULL = YES;
				CLANG_ANALYZER_NUMBER_OBJECT_CONVERSION = YES_AGGRESSIVE;
				CLANG_CXX_LANGUAGE_STANDARD = "gnu++14";
				CLANG_CXX_LIBRARY = "libc++";
				CLANG_ENABLE_MODULES = YES;
				CLANG_ENABLE_OBJC_ARC = YES;
				CLANG_ENABLE_OBJC_WEAK = YES;
				CLANG_WARN_BLOCK_CAPTURE_AUTORELEASING = YES;
				CLANG_WARN_BOOL_CONVERSION = YES;
				CLANG_WARN_COMMA = YES;
				CLANG_WARN_CONSTANT_CONVERSION = YES;
				CLANG_WARN_DEPRECATED_OBJC_IMPLEMENTATIONS = YES;
				CLANG_WARN_DIRECT_OBJC_ISA_USAGE = YES_ERROR;
				CLANG_WARN_DOCUMENTATION_COMMENTS = YES;
				CLANG_WARN_EMPTY_BODY = YES;
				CLANG_WARN_ENUM_CONVERSION = YES;
				CLANG_WARN_INFINITE_RECURSION = YES;
				CLANG_WARN_INT_CONVERSION = YES;
				CLANG_WARN_NON_LITERAL_NULL_CONVERSION = YES;
				CLANG_WARN_OBJC_IMPLICIT_RETAIN_SELF = YES;
				CLANG_WARN_OBJC_LITERAL_CONVERSION = YES;
				CLANG_WARN_OBJC_ROOT_CLASS = YES_ERROR;
				CLANG_WARN_RANGE_LOOP_ANALYSIS = YES;
				CLANG_WARN_STRICT_PROTOTYPES = YES;
				CLANG_WARN_SUSPICIOUS_MOVE = YES;
				CLANG_WARN_UNGUARDED_AVAILABILITY = YES_AGGRESSIVE;
				CLANG_WARN_UNREACHABLE_CODE = YES;
				CLANG_WARN__DUPLICATE_METHOD_MATCH = YES;
				CODE_SIGN_IDENTITY = "Mac Developer";
				COPY_PHASE_STRIP = NO;
				DEBUG_INFORMATION_FORMAT = dwarf;
				ENABLE_STRICT_OBJC_MSGSEND = YES;
				ENABLE_TESTABILITY = YES;
				GCC_C_LANGUAGE_STANDARD = gnu11;
				GCC_DYNAMIC_NO_PIC = NO;
				GCC_NO_COMMON_BLOCKS = YES;
				GCC_OPTIMIZATION_LEVEL = 0;
				GCC_PREPROCESSOR_DEFINITIONS = (
					"DEBUG=1",
					"$(inherited)",
				);
				GCC_WARN_64_TO_32_BIT_CONVERSION = YES;
				GCC_WARN_ABOUT_RETURN_TYPE = YES_ERROR;
				GCC_WARN_UNDECLARED_SELECTOR = YES;
				GCC_WARN_UNINITIALIZED_AUTOS = YES_AGGRESSIVE;
				GCC_WARN_UNUSED_FUNCTION = YES;
				GCC_WARN_UNUSED_VARIABLE = YES;
				MACOSX_DEPLOYMENT_TARGET = 10.13;
				MTL_ENABLE_DEBUG_INFO = YES;
				ONLY_ACTIVE_ARCH = YES;
				SDKROOT = macosx;
			};
			name = Debug;
		};
		5EDDEA0B207F365E008577DE /* Release */ = {
			isa = XCBuildConfiguration;
			buildSettings = {
				ALWAYS_SEARCH_USER_PATHS = NO;
				CLANG_ANALYZER_NONNULL = YES;
				CLANG_ANALYZER_NUMBER_OBJECT_CONVERSION = YES_AGGRESSIVE;
				CLANG_CXX_LANGUAGE_STANDARD = "gnu++14";
				CLANG_CXX_LIBRARY = "libc++";
				CLANG_ENABLE_MODULES = YES;
				CLANG_ENABLE_OBJC_ARC = YES;
				CLANG_ENABLE_OBJC_WEAK = YES;
				CLANG_WARN_BLOCK_CAPTURE_AUTORELEASING = YES;
				CLANG_WARN_BOOL_CONVERSION = YES;
				CLANG_WARN_COMMA = YES;
				CLANG_WARN_CONSTANT_CONVERSION = YES;
				CLANG_WARN_DEPRECATED_OBJC_IMPLEMENTATIONS = YES;
				CLANG_WARN_DIRECT_OBJC_ISA_USAGE = YES_ERROR;
				CLANG_WARN_DOCUMENTATION_COMMENTS = YES;
				CLANG_WARN_EMPTY_BODY = YES;
				CLANG_WARN_ENUM_CONVERSION = YES;
				CLANG_WARN_INFINITE_RECURSION = YES;
				CLANG_WARN_INT_CONVERSION = YES;
				CLANG_WARN_NON_LITERAL_NULL_CONVERSION = YES;
				CLANG_WARN_OBJC_IMPLICIT_RETAIN_SELF = YES;
				CLANG_WARN_OBJC_LITERAL_CONVERSION = YES;
				CLANG_WARN_OBJC_ROOT_CLASS = YES_ERROR;
				CLANG_WARN_RANGE_LOOP_ANALYSIS = YES;
				CLANG_WARN_STRICT_PROTOTYPES = YES;
				CLANG_WARN_SUSPICIOUS_MOVE = YES;
				CLANG_WARN_UNGUARDED_AVAILABILITY = YES_AGGRESSIVE;
				CLANG_WARN_UNREACHABLE_CODE = YES;
				CLANG_WARN__DUPLICATE_METHOD_MATCH = YES;
				CODE_SIGN_IDENTITY = "Mac Developer";
				COPY_PHASE_STRIP = NO;
				DEBUG_INFORMATION_FORMAT = "dwarf-with-dsym";
				ENABLE_NS_ASSERTIONS = NO;
				ENABLE_STRICT_OBJC_MSGSEND = YES;
				GCC_C_LANGUAGE_STANDARD = gnu11;
				GCC_NO_COMMON_BLOCKS = YES;
				GCC_WARN_64_TO_32_BIT_CONVERSION = YES;
				GCC_WARN_ABOUT_RETURN_TYPE = YES_ERROR;
				GCC_WARN_UNDECLARED_SELECTOR = YES;
				GCC_WARN_UNINITIALIZED_AUTOS = YES_AGGRESSIVE;
				GCC_WARN_UNUSED_FUNCTION = YES;
				GCC_WARN_UNUSED_VARIABLE = YES;
				MACOSX_DEPLOYMENT_TARGET = 10.13;
				MTL_ENABLE_DEBUG_INFO = NO;
				SDKROOT = macosx;
			};
			name = Release;
		};
		5EDDEA0D207F365E008577DE /* Debug */ = {
			isa = XCBuildConfiguration;
			buildSettings = {
				ASSETCATALOG_COMPILER_APPICON_NAME = AppIcon;
				CODE_SIGN_ENTITLEMENTS = CocoaAPP/CocoaAPP.entitlements;
				CODE_SIGN_STYLE = Automatic;
				COMBINE_HIDPI_IMAGES = YES;
				DEVELOPMENT_TEAM = B74XK883LC;
				INFOPLIST_FILE = CocoaAPP/Info.plist;
				LD_RUNPATH_SEARCH_PATHS = (
					"$(inherited)",
					"@executable_path/../Frameworks",
				);
				PRODUCT_BUNDLE_IDENTIFIER = com.CocoaAPP;
				PRODUCT_NAME = "$(TARGET_NAME)";
			};
			name = Debug;
		};
		5EDDEA0E207F365E008577DE /* Release */ = {
			isa = XCBuildConfiguration;
			buildSettings = {
				ASSETCATALOG_COMPILER_APPICON_NAME = AppIcon;
				CODE_SIGN_ENTITLEMENTS = CocoaAPP/CocoaAPP.entitlements;
				CODE_SIGN_STYLE = Automatic;
				COMBINE_HIDPI_IMAGES = YES;
				DEVELOPMENT_TEAM = B74XK883LC;
				INFOPLIST_FILE = CocoaAPP/Info.plist;
				LD_RUNPATH_SEARCH_PATHS = (
					"$(inherited)",
					"@executable_path/../Frameworks",
				);
				PRODUCT_BUNDLE_IDENTIFIER = com.CocoaAPP;
				PRODUCT_NAME = "$(TARGET_NAME)";
			};
			name = Release;
		};
/* End XCBuildConfiguration section */

/* Begin XCConfigurationList section */
		5EDDE9F6207F365D008577DE /* Build configuration list for PBXProject "CocoaAPP" */ = {
			isa = XCConfigurationList;
			buildConfigurations = (
				5EDDEA0A207F365E008577DE /* Debug */,
				5EDDEA0B207F365E008577DE /* Release */,
			);
			defaultConfigurationIsVisible = 0;
			defaultConfigurationName = Release;
		};
		5EDDEA0C207F365E008577DE /* Build configuration list for PBXNativeTarget "CocoaAPP" */ = {
			isa = XCConfigurationList;
			buildConfigurations = (
				5EDDEA0D207F365E008577DE /* Debug */,
				5EDDEA0E207F365E008577DE /* Release */,
			);
			defaultConfigurationIsVisible = 0;
			defaultConfigurationName = Release;
		};
/* End XCConfigurationList section */
	};
	rootObject = 5EDDE9F3207F365D008577DE /* Project object */;
}
